// !$*UTF8*$!
{
	archiveVersion = 1;
	classes = {
	};
	objectVersion = 50;
	objects = {

/* Begin PBXBuildFile section */
		BA12CF3A25E690070048F583 /* AppDelegate.swift in Sources */ = {isa = PBXBuildFile; fileRef = BA12CF3925E690070048F583 /* AppDelegate.swift */; };
		BA12CF3C25E690070048F583 /* SceneDelegate.swift in Sources */ = {isa = PBXBuildFile; fileRef = BA12CF3B25E690070048F583 /* SceneDelegate.swift */; };
		BA12CF3E25E690070048F583 /* ContentView.swift in Sources */ = {isa = PBXBuildFile; fileRef = BA12CF3D25E690070048F583 /* ContentView.swift */; };
		BA12CF4125E690070048F583 /* ViperNotes.xcdatamodeld in Sources */ = {isa = PBXBuildFile; fileRef = BA12CF3F25E690070048F583 /* ViperNotes.xcdatamodeld */; };
		BA12CF4325E6900B0048F583 /* Assets.xcassets in Resources */ = {isa = PBXBuildFile; fileRef = BA12CF4225E6900B0048F583 /* Assets.xcassets */; };
		BA12CF4625E6900B0048F583 /* Preview Assets.xcassets in Resources */ = {isa = PBXBuildFile; fileRef = BA12CF4525E6900B0048F583 /* Preview Assets.xcassets */; };
		BA12CF4925E6900B0048F583 /* LaunchScreen.storyboard in Resources */ = {isa = PBXBuildFile; fileRef = BA12CF4725E6900B0048F583 /* LaunchScreen.storyboard */; };
		BA12CF5425E6900B0048F583 /* ViperNotesTests.swift in Sources */ = {isa = PBXBuildFile; fileRef = BA12CF5325E6900B0048F583 /* ViperNotesTests.swift */; };
		BA12CF5F25E6900B0048F583 /* ViperNotesUITests.swift in Sources */ = {isa = PBXBuildFile; fileRef = BA12CF5E25E6900B0048F583 /* ViperNotesUITests.swift */; };
		BA12CF7025E690880048F583 /* NotesListView.swift in Sources */ = {isa = PBXBuildFile; fileRef = BA12CF6F25E690880048F583 /* NotesListView.swift */; };
		BA12CF7525E6909D0048F583 /* NotesDetailView.swift in Sources */ = {isa = PBXBuildFile; fileRef = BA12CF7425E6909D0048F583 /* NotesDetailView.swift */; };
		BA12CF8025E691250048F583 /* NotesPresenter.swift in Sources */ = {isa = PBXBuildFile; fileRef = BA12CF7F25E691250048F583 /* NotesPresenter.swift */; };
		BA12CF8525E691370048F583 /* NotesInteractor.swift in Sources */ = {isa = PBXBuildFile; fileRef = BA12CF8425E691370048F583 /* NotesInteractor.swift */; };
		BA12CF8A25E6914A0048F583 /* NotesRouter.swift in Sources */ = {isa = PBXBuildFile; fileRef = BA12CF8925E6914A0048F583 /* NotesRouter.swift */; };
		BA12CF8F25E691670048F583 /* NoteViewModel.swift in Sources */ = {isa = PBXBuildFile; fileRef = BA12CF8E25E691670048F583 /* NoteViewModel.swift */; };
		BA12CF9425E6917A0048F583 /* DataLayer.swift in Sources */ = {isa = PBXBuildFile; fileRef = BA12CF9325E6917A0048F583 /* DataLayer.swift */; };
		BA12CF9925E6918A0048F583 /* CoreDataStack.swift in Sources */ = {isa = PBXBuildFile; fileRef = BA12CF9825E6918A0048F583 /* CoreDataStack.swift */; };
/* End PBXBuildFile section */

/* Begin PBXContainerItemProxy section */
		BA12CF5025E6900B0048F583 /* PBXContainerItemProxy */ = {
			isa = PBXContainerItemProxy;
			containerPortal = BA12CF2E25E690070048F583 /* Project object */;
			proxyType = 1;
			remoteGlobalIDString = BA12CF3525E690070048F583;
			remoteInfo = ViperNotes;
		};
		BA12CF5B25E6900B0048F583 /* PBXContainerItemProxy */ = {
			isa = PBXContainerItemProxy;
			containerPortal = BA12CF2E25E690070048F583 /* Project object */;
			proxyType = 1;
			remoteGlobalIDString = BA12CF3525E690070048F583;
			remoteInfo = ViperNotes;
		};
/* End PBXContainerItemProxy section */

/* Begin PBXFileReference section */
		BA12CF3625E690070048F583 /* ViperNotes.app */ = {isa = PBXFileReference; explicitFileType = wrapper.application; includeInIndex = 0; path = ViperNotes.app; sourceTree = BUILT_PRODUCTS_DIR; };
		BA12CF3925E690070048F583 /* AppDelegate.swift */ = {isa = PBXFileReference; lastKnownFileType = sourcecode.swift; path = AppDelegate.swift; sourceTree = "<group>"; };
		BA12CF3B25E690070048F583 /* SceneDelegate.swift */ = {isa = PBXFileReference; lastKnownFileType = sourcecode.swift; path = SceneDelegate.swift; sourceTree = "<group>"; };
		BA12CF3D25E690070048F583 /* ContentView.swift */ = {isa = PBXFileReference; lastKnownFileType = sourcecode.swift; path = ContentView.swift; sourceTree = "<group>"; };
		BA12CF4025E690070048F583 /* ViperNotes.xcdatamodel */ = {isa = PBXFileReference; lastKnownFileType = wrapper.xcdatamodel; path = ViperNotes.xcdatamodel; sourceTree = "<group>"; };
		BA12CF4225E6900B0048F583 /* Assets.xcassets */ = {isa = PBXFileReference; lastKnownFileType = folder.assetcatalog; path = Assets.xcassets; sourceTree = "<group>"; };
		BA12CF4525E6900B0048F583 /* Preview Assets.xcassets */ = {isa = PBXFileReference; lastKnownFileType = folder.assetcatalog; path = "Preview Assets.xcassets"; sourceTree = "<group>"; };
		BA12CF4825E6900B0048F583 /* Base */ = {isa = PBXFileReference; lastKnownFileType = file.storyboard; name = Base; path = Base.lproj/LaunchScreen.storyboard; sourceTree = "<group>"; };
		BA12CF4A25E6900B0048F583 /* Info.plist */ = {isa = PBXFileReference; lastKnownFileType = text.plist.xml; path = Info.plist; sourceTree = "<group>"; };
		BA12CF4F25E6900B0048F583 /* ViperNotesTests.xctest */ = {isa = PBXFileReference; explicitFileType = wrapper.cfbundle; includeInIndex = 0; path = ViperNotesTests.xctest; sourceTree = BUILT_PRODUCTS_DIR; };
		BA12CF5325E6900B0048F583 /* ViperNotesTests.swift */ = {isa = PBXFileReference; lastKnownFileType = sourcecode.swift; path = ViperNotesTests.swift; sourceTree = "<group>"; };
		BA12CF5525E6900B0048F583 /* Info.plist */ = {isa = PBXFileReference; lastKnownFileType = text.plist.xml; path = Info.plist; sourceTree = "<group>"; };
		BA12CF5A25E6900B0048F583 /* ViperNotesUITests.xctest */ = {isa = PBXFileReference; explicitFileType = wrapper.cfbundle; includeInIndex = 0; path = ViperNotesUITests.xctest; sourceTree = BUILT_PRODUCTS_DIR; };
		BA12CF5E25E6900B0048F583 /* ViperNotesUITests.swift */ = {isa = PBXFileReference; lastKnownFileType = sourcecode.swift; path = ViperNotesUITests.swift; sourceTree = "<group>"; };
		BA12CF6025E6900B0048F583 /* Info.plist */ = {isa = PBXFileReference; lastKnownFileType = text.plist.xml; path = Info.plist; sourceTree = "<group>"; };
		BA12CF6F25E690880048F583 /* NotesListView.swift */ = {isa = PBXFileReference; lastKnownFileType = sourcecode.swift; path = NotesListView.swift; sourceTree = "<group>"; };
		BA12CF7425E6909D0048F583 /* NotesDetailView.swift */ = {isa = PBXFileReference; lastKnownFileType = sourcecode.swift; path = NotesDetailView.swift; sourceTree = "<group>"; };
		BA12CF7F25E691250048F583 /* NotesPresenter.swift */ = {isa = PBXFileReference; lastKnownFileType = sourcecode.swift; path = NotesPresenter.swift; sourceTree = "<group>"; };
		BA12CF8425E691370048F583 /* NotesInteractor.swift */ = {isa = PBXFileReference; lastKnownFileType = sourcecode.swift; path = NotesInteractor.swift; sourceTree = "<group>"; };
		BA12CF8925E6914A0048F583 /* NotesRouter.swift */ = {isa = PBXFileReference; lastKnownFileType = sourcecode.swift; path = NotesRouter.swift; sourceTree = "<group>"; };
		BA12CF8E25E691670048F583 /* NoteViewModel.swift */ = {isa = PBXFileReference; lastKnownFileType = sourcecode.swift; path = NoteViewModel.swift; sourceTree = "<group>"; };
		BA12CF9325E6917A0048F583 /* DataLayer.swift */ = {isa = PBXFileReference; lastKnownFileType = sourcecode.swift; path = DataLayer.swift; sourceTree = "<group>"; };
		BA12CF9825E6918A0048F583 /* CoreDataStack.swift */ = {isa = PBXFileReference; lastKnownFileType = sourcecode.swift; path = CoreDataStack.swift; sourceTree = "<group>"; };
/* End PBXFileReference section */

/* Begin PBXFrameworksBuildPhase section */
		BA12CF3325E690070048F583 /* Frameworks */ = {
			isa = PBXFrameworksBuildPhase;
			buildActionMask = 2147483647;
			files = (
			);
			runOnlyForDeploymentPostprocessing = 0;
		};
		BA12CF4C25E6900B0048F583 /* Frameworks */ = {
			isa = PBXFrameworksBuildPhase;
			buildActionMask = 2147483647;
			files = (
			);
			runOnlyForDeploymentPostprocessing = 0;
		};
		BA12CF5725E6900B0048F583 /* Frameworks */ = {
			isa = PBXFrameworksBuildPhase;
			buildActionMask = 2147483647;
			files = (
			);
			runOnlyForDeploymentPostprocessing = 0;
		};
/* End PBXFrameworksBuildPhase section */

/* Begin PBXGroup section */
		BA12CF2D25E690070048F583 = {
			isa = PBXGroup;
			children = (
				BA12CF3825E690070048F583 /* ViperNotes */,
				BA12CF5225E6900B0048F583 /* ViperNotesTests */,
				BA12CF5D25E6900B0048F583 /* ViperNotesUITests */,
				BA12CF3725E690070048F583 /* Products */,
			);
			sourceTree = "<group>";
		};
		BA12CF3725E690070048F583 /* Products */ = {
			isa = PBXGroup;
			children = (
				BA12CF3625E690070048F583 /* ViperNotes.app */,
				BA12CF4F25E6900B0048F583 /* ViperNotesTests.xctest */,
				BA12CF5A25E6900B0048F583 /* ViperNotesUITests.xctest */,
			);
			name = Products;
			sourceTree = "<group>";
		};
		BA12CF3825E690070048F583 /* ViperNotes */ = {
			isa = PBXGroup;
			children = (
				BA12CF3925E690070048F583 /* AppDelegate.swift */,
				BA12CF3B25E690070048F583 /* SceneDelegate.swift */,
				BA12CF7E25E690EA0048F583 /* Utils */,
				BA12CF7D25E690E00048F583 /* Model */,
				BA12CF7C25E690D90048F583 /* Router */,
				BA12CF7B25E690C90048F583 /* Interactor */,
				BA12CF7A25E690C10048F583 /* Presenter */,
				BA12CF7925E690A60048F583 /* View */,
				BA12CF4225E6900B0048F583 /* Assets.xcassets */,
				BA12CF4725E6900B0048F583 /* LaunchScreen.storyboard */,
				BA12CF4A25E6900B0048F583 /* Info.plist */,
				BA12CF3F25E690070048F583 /* ViperNotes.xcdatamodeld */,
				BA12CF4425E6900B0048F583 /* Preview Content */,
			);
			path = ViperNotes;
			sourceTree = "<group>";
		};
		BA12CF4425E6900B0048F583 /* Preview Content */ = {
			isa = PBXGroup;
			children = (
				BA12CF4525E6900B0048F583 /* Preview Assets.xcassets */,
			);
			path = "Preview Content";
			sourceTree = "<group>";
		};
		BA12CF5225E6900B0048F583 /* ViperNotesTests */ = {
			isa = PBXGroup;
			children = (
				BA12CF5325E6900B0048F583 /* ViperNotesTests.swift */,
				BA12CF5525E6900B0048F583 /* Info.plist */,
			);
			path = ViperNotesTests;
			sourceTree = "<group>";
		};
		BA12CF5D25E6900B0048F583 /* ViperNotesUITests */ = {
			isa = PBXGroup;
			children = (
				BA12CF5E25E6900B0048F583 /* ViperNotesUITests.swift */,
				BA12CF6025E6900B0048F583 /* Info.plist */,
			);
			path = ViperNotesUITests;
			sourceTree = "<group>";
		};
		BA12CF7925E690A60048F583 /* View */ = {
			isa = PBXGroup;
			children = (
				BA12CF3D25E690070048F583 /* ContentView.swift */,
				BA12CF6F25E690880048F583 /* NotesListView.swift */,
				BA12CF7425E6909D0048F583 /* NotesDetailView.swift */,
			);
			path = View;
			sourceTree = "<group>";
		};
		BA12CF7A25E690C10048F583 /* Presenter */ = {
			isa = PBXGroup;
			children = (
				BA12CF7F25E691250048F583 /* NotesPresenter.swift */,
			);
			path = Presenter;
			sourceTree = "<group>";
		};
		BA12CF7B25E690C90048F583 /* Interactor */ = {
			isa = PBXGroup;
			children = (
				BA12CF8425E691370048F583 /* NotesInteractor.swift */,
			);
			path = Interactor;
			sourceTree = "<group>";
		};
		BA12CF7C25E690D90048F583 /* Router */ = {
			isa = PBXGroup;
			children = (
				BA12CF8925E6914A0048F583 /* NotesRouter.swift */,
			);
			path = Router;
			sourceTree = "<group>";
		};
		BA12CF7D25E690E00048F583 /* Model */ = {
			isa = PBXGroup;
			children = (
				BA12CF8E25E691670048F583 /* NoteViewModel.swift */,
			);
			path = Model;
			sourceTree = "<group>";
		};
		BA12CF7E25E690EA0048F583 /* Utils */ = {
			isa = PBXGroup;
			children = (
				BA12CF9325E6917A0048F583 /* DataLayer.swift */,
				BA12CF9825E6918A0048F583 /* CoreDataStack.swift */,
			);
			path = Utils;
			sourceTree = "<group>";
		};
/* End PBXGroup section */

/* Begin PBXNativeTarget section */
		BA12CF3525E690070048F583 /* ViperNotes */ = {
			isa = PBXNativeTarget;
			buildConfigurationList = BA12CF6325E6900B0048F583 /* Build configuration list for PBXNativeTarget "ViperNotes" */;
			buildPhases = (
				BA12CF3225E690070048F583 /* Sources */,
				BA12CF3325E690070048F583 /* Frameworks */,
				BA12CF3425E690070048F583 /* Resources */,
			);
			buildRules = (
			);
			dependencies = (
			);
			name = ViperNotes;
			productName = ViperNotes;
			productReference = BA12CF3625E690070048F583 /* ViperNotes.app */;
			productType = "com.apple.product-type.application";
		};
		BA12CF4E25E6900B0048F583 /* ViperNotesTests */ = {
			isa = PBXNativeTarget;
			buildConfigurationList = BA12CF6625E6900B0048F583 /* Build configuration list for PBXNativeTarget "ViperNotesTests" */;
			buildPhases = (
				BA12CF4B25E6900B0048F583 /* Sources */,
				BA12CF4C25E6900B0048F583 /* Frameworks */,
				BA12CF4D25E6900B0048F583 /* Resources */,
			);
			buildRules = (
			);
			dependencies = (
				BA12CF5125E6900B0048F583 /* PBXTargetDependency */,
			);
			name = ViperNotesTests;
			productName = ViperNotesTests;
			productReference = BA12CF4F25E6900B0048F583 /* ViperNotesTests.xctest */;
			productType = "com.apple.product-type.bundle.unit-test";
		};
		BA12CF5925E6900B0048F583 /* ViperNotesUITests */ = {
			isa = PBXNativeTarget;
			buildConfigurationList = BA12CF6925E6900B0048F583 /* Build configuration list for PBXNativeTarget "ViperNotesUITests" */;
			buildPhases = (
				BA12CF5625E6900B0048F583 /* Sources */,
				BA12CF5725E6900B0048F583 /* Frameworks */,
				BA12CF5825E6900B0048F583 /* Resources */,
			);
			buildRules = (
			);
			dependencies = (
				BA12CF5C25E6900B0048F583 /* PBXTargetDependency */,
			);
			name = ViperNotesUITests;
			productName = ViperNotesUITests;
			productReference = BA12CF5A25E6900B0048F583 /* ViperNotesUITests.xctest */;
			productType = "com.apple.product-type.bundle.ui-testing";
		};
/* End PBXNativeTarget section */

/* Begin PBXProject section */
		BA12CF2E25E690070048F583 /* Project object */ = {
			isa = PBXProject;
			attributes = {
				LastSwiftUpdateCheck = 1240;
				LastUpgradeCheck = 1240;
				TargetAttributes = {
					BA12CF3525E690070048F583 = {
						CreatedOnToolsVersion = 12.4;
					};
					BA12CF4E25E6900B0048F583 = {
						CreatedOnToolsVersion = 12.4;
						TestTargetID = BA12CF3525E690070048F583;
					};
					BA12CF5925E6900B0048F583 = {
						CreatedOnToolsVersion = 12.4;
						TestTargetID = BA12CF3525E690070048F583;
					};
				};
			};
			buildConfigurationList = BA12CF3125E690070048F583 /* Build configuration list for PBXProject "ViperNotes" */;
			compatibilityVersion = "Xcode 9.3";
			developmentRegion = en;
			hasScannedForEncodings = 0;
			knownRegions = (
				en,
				Base,
			);
			mainGroup = BA12CF2D25E690070048F583;
			productRefGroup = BA12CF3725E690070048F583 /* Products */;
			projectDirPath = "";
			projectRoot = "";
			targets = (
				BA12CF3525E690070048F583 /* ViperNotes */,
				BA12CF4E25E6900B0048F583 /* ViperNotesTests */,
				BA12CF5925E6900B0048F583 /* ViperNotesUITests */,
			);
		};
/* End PBXProject section */

/* Begin PBXResourcesBuildPhase section */
		BA12CF3425E690070048F583 /* Resources */ = {
			isa = PBXResourcesBuildPhase;
			buildActionMask = 2147483647;
			files = (
				BA12CF4925E6900B0048F583 /* LaunchScreen.storyboard in Resources */,
				BA12CF4625E6900B0048F583 /* Preview Assets.xcassets in Resources */,
				BA12CF4325E6900B0048F583 /* Assets.xcassets in Resources */,
			);
			runOnlyForDeploymentPostprocessing = 0;
		};
		BA12CF4D25E6900B0048F583 /* Resources */ = {
			isa = PBXResourcesBuildPhase;
			buildActionMask = 2147483647;
			files = (
			);
			runOnlyForDeploymentPostprocessing = 0;
		};
		BA12CF5825E6900B0048F583 /* Resources */ = {
			isa = PBXResourcesBuildPhase;
			buildActionMask = 2147483647;
			files = (
			);
			runOnlyForDeploymentPostprocessing = 0;
		};
/* End PBXResourcesBuildPhase section */

/* Begin PBXSourcesBuildPhase section */
		BA12CF3225E690070048F583 /* Sources */ = {
			isa = PBXSourcesBuildPhase;
			buildActionMask = 2147483647;
			files = (
				BA12CF8F25E691670048F583 /* NoteViewModel.swift in Sources */,
				BA12CF3A25E690070048F583 /* AppDelegate.swift in Sources */,
				BA12CF3C25E690070048F583 /* SceneDelegate.swift in Sources */,
				BA12CF9925E6918A0048F583 /* CoreDataStack.swift in Sources */,
				BA12CF9425E6917A0048F583 /* DataLayer.swift in Sources */,
				BA12CF4125E690070048F583 /* ViperNotes.xcdatamodeld in Sources */,
				BA12CF7525E6909D0048F583 /* NotesDetailView.swift in Sources */,
				BA12CF8525E691370048F583 /* NotesInteractor.swift in Sources */,
				BA12CF8025E691250048F583 /* NotesPresenter.swift in Sources */,
				BA12CF7025E690880048F583 /* NotesListView.swift in Sources */,
				BA12CF8A25E6914A0048F583 /* NotesRouter.swift in Sources */,
				BA12CF3E25E690070048F583 /* ContentView.swift in Sources */,
			);
			runOnlyForDeploymentPostprocessing = 0;
		};
		BA12CF4B25E6900B0048F583 /* Sources */ = {
			isa = PBXSourcesBuildPhase;
			buildActionMask = 2147483647;
			files = (
				BA12CF5425E6900B0048F583 /* ViperNotesTests.swift in Sources */,
			);
			runOnlyForDeploymentPostprocessing = 0;
		};
		BA12CF5625E6900B0048F583 /* Sources */ = {
			isa = PBXSourcesBuildPhase;
			buildActionMask = 2147483647;
			files = (
				BA12CF5F25E6900B0048F583 /* ViperNotesUITests.swift in Sources */,
			);
			runOnlyForDeploymentPostprocessing = 0;
		};
/* End PBXSourcesBuildPhase section */

/* Begin PBXTargetDependency section */
		BA12CF5125E6900B0048F583 /* PBXTargetDependency */ = {
			isa = PBXTargetDependency;
			target = BA12CF3525E690070048F583 /* ViperNotes */;
			targetProxy = BA12CF5025E6900B0048F583 /* PBXContainerItemProxy */;
		};
		BA12CF5C25E6900B0048F583 /* PBXTargetDependency */ = {
			isa = PBXTargetDependency;
			target = BA12CF3525E690070048F583 /* ViperNotes */;
			targetProxy = BA12CF5B25E6900B0048F583 /* PBXContainerItemProxy */;
		};
/* End PBXTargetDependency section */

/* Begin PBXVariantGroup section */
		BA12CF4725E6900B0048F583 /* LaunchScreen.storyboard */ = {
			isa = PBXVariantGroup;
			children = (
				BA12CF4825E6900B0048F583 /* Base */,
			);
			name = LaunchScreen.storyboard;
			sourceTree = "<group>";
		};
/* End PBXVariantGroup section */

/* Begin XCBuildConfiguration section */
		BA12CF6125E6900B0048F583 /* Debug */ = {
			isa = XCBuildConfiguration;
			buildSettings = {
				ALWAYS_SEARCH_USER_PATHS = NO;
				CLANG_ANALYZER_NONNULL = YES;
				CLANG_ANALYZER_NUMBER_OBJECT_CONVERSION = YES_AGGRESSIVE;
				CLANG_CXX_LANGUAGE_STANDARD = "gnu++14";
				CLANG_CXX_LIBRARY = "libc++";
				CLANG_ENABLE_MODULES = YES;
				CLANG_ENABLE_OBJC_ARC = YES;
				CLANG_ENABLE_OBJC_WEAK = YES;
				CLANG_WARN_BLOCK_CAPTURE_AUTORELEASING = YES;
				CLANG_WARN_BOOL_CONVERSION = YES;
				CLANG_WARN_COMMA = YES;
				CLANG_WARN_CONSTANT_CONVERSION = YES;
				CLANG_WARN_DEPRECATED_OBJC_IMPLEMENTATIONS = YES;
				CLANG_WARN_DIRECT_OBJC_ISA_USAGE = YES_ERROR;
				CLANG_WARN_DOCUMENTATION_COMMENTS = YES;
				CLANG_WARN_EMPTY_BODY = YES;
				CLANG_WARN_ENUM_CONVERSION = YES;
				CLANG_WARN_INFINITE_RECURSION = YES;
				CLANG_WARN_INT_CONVERSION = YES;
				CLANG_WARN_NON_LITERAL_NULL_CONVERSION = YES;
				CLANG_WARN_OBJC_IMPLICIT_RETAIN_SELF = YES;
				CLANG_WARN_OBJC_LITERAL_CONVERSION = YES;
				CLANG_WARN_OBJC_ROOT_CLASS = YES_ERROR;
				CLANG_WARN_QUOTED_INCLUDE_IN_FRAMEWORK_HEADER = YES;
				CLANG_WARN_RANGE_LOOP_ANALYSIS = YES;
				CLANG_WARN_STRICT_PROTOTYPES = YES;
				CLANG_WARN_SUSPICIOUS_MOVE = YES;
				CLANG_WARN_UNGUARDED_AVAILABILITY = YES_AGGRESSIVE;
				CLANG_WARN_UNREACHABLE_CODE = YES;
				CLANG_WARN__DUPLICATE_METHOD_MATCH = YES;
				COPY_PHASE_STRIP = NO;
				DEBUG_INFORMATION_FORMAT = dwarf;
				ENABLE_STRICT_OBJC_MSGSEND = YES;
				ENABLE_TESTABILITY = YES;
				GCC_C_LANGUAGE_STANDARD = gnu11;
				GCC_DYNAMIC_NO_PIC = NO;
				GCC_NO_COMMON_BLOCKS = YES;
				GCC_OPTIMIZATION_LEVEL = 0;
				GCC_PREPROCESSOR_DEFINITIONS = (
					"DEBUG=1",
					"$(inherited)",
				);
				GCC_WARN_64_TO_32_BIT_CONVERSION = YES;
				GCC_WARN_ABOUT_RETURN_TYPE = YES_ERROR;
				GCC_WARN_UNDECLARED_SELECTOR = YES;
				GCC_WARN_UNINITIALIZED_AUTOS = YES_AGGRESSIVE;
				GCC_WARN_UNUSED_FUNCTION = YES;
				GCC_WARN_UNUSED_VARIABLE = YES;
				IPHONEOS_DEPLOYMENT_TARGET = 14.4;
				MTL_ENABLE_DEBUG_INFO = INCLUDE_SOURCE;
				MTL_FAST_MATH = YES;
				ONLY_ACTIVE_ARCH = YES;
				SDKROOT = iphoneos;
				SWIFT_ACTIVE_COMPILATION_CONDITIONS = DEBUG;
				SWIFT_OPTIMIZATION_LEVEL = "-Onone";
			};
			name = Debug;
		};
		BA12CF6225E6900B0048F583 /* Release */ = {
			isa = XCBuildConfiguration;
			buildSettings = {
				ALWAYS_SEARCH_USER_PATHS = NO;
				CLANG_ANALYZER_NONNULL = YES;
				CLANG_ANALYZER_NUMBER_OBJECT_CONVERSION = YES_AGGRESSIVE;
				CLANG_CXX_LANGUAGE_STANDARD = "gnu++14";
				CLANG_CXX_LIBRARY = "libc++";
				CLANG_ENABLE_MODULES = YES;
				CLANG_ENABLE_OBJC_ARC = YES;
				CLANG_ENABLE_OBJC_WEAK = YES;
				CLANG_WARN_BLOCK_CAPTURE_AUTORELEASING = YES;
				CLANG_WARN_BOOL_CONVERSION = YES;
				CLANG_WARN_COMMA = YES;
				CLANG_WARN_CONSTANT_CONVERSION = YES;
				CLANG_WARN_DEPRECATED_OBJC_IMPLEMENTATIONS = YES;
				CLANG_WARN_DIRECT_OBJC_ISA_USAGE = YES_ERROR;
				CLANG_WARN_DOCUMENTATION_COMMENTS = YES;
				CLANG_WARN_EMPTY_BODY = YES;
				CLANG_WARN_ENUM_CONVERSION = YES;
				CLANG_WARN_INFINITE_RECURSION = YES;
				CLANG_WARN_INT_CONVERSION = YES;
				CLANG_WARN_NON_LITERAL_NULL_CONVERSION = YES;
				CLANG_WARN_OBJC_IMPLICIT_RETAIN_SELF = YES;
				CLANG_WARN_OBJC_LITERAL_CONVERSION = YES;
				CLANG_WARN_OBJC_ROOT_CLASS = YES_ERROR;
				CLANG_WARN_QUOTED_INCLUDE_IN_FRAMEWORK_HEADER = YES;
				CLANG_WARN_RANGE_LOOP_ANALYSIS = YES;
				CLANG_WARN_STRICT_PROTOTYPES = YES;
				CLANG_WARN_SUSPICIOUS_MOVE = YES;
				CLANG_WARN_UNGUARDED_AVAILABILITY = YES_AGGRESSIVE;
				CLANG_WARN_UNREACHABLE_CODE = YES;
				CLANG_WARN__DUPLICATE_METHOD_MATCH = YES;
				COPY_PHASE_STRIP = NO;
				DEBUG_INFORMATION_FORMAT = "dwarf-with-dsym";
				ENABLE_NS_ASSERTIONS = NO;
				ENABLE_STRICT_OBJC_MSGSEND = YES;
				GCC_C_LANGUAGE_STANDARD = gnu11;
				GCC_NO_COMMON_BLOCKS = YES;
				GCC_WARN_64_TO_32_BIT_CONVERSION = YES;
				GCC_WARN_ABOUT_RETURN_TYPE = YES_ERROR;
				GCC_WARN_UNDECLARED_SELECTOR = YES;
				GCC_WARN_UNINITIALIZED_AUTOS = YES_AGGRESSIVE;
				GCC_WARN_UNUSED_FUNCTION = YES;
				GCC_WARN_UNUSED_VARIABLE = YES;
				IPHONEOS_DEPLOYMENT_TARGET = 14.4;
				MTL_ENABLE_DEBUG_INFO = NO;
				MTL_FAST_MATH = YES;
				SDKROOT = iphoneos;
				SWIFT_COMPILATION_MODE = wholemodule;
				SWIFT_OPTIMIZATION_LEVEL = "-O";
				VALIDATE_PRODUCT = YES;
			};
			name = Release;
		};
		BA12CF6425E6900B0048F583 /* Debug */ = {
			isa = XCBuildConfiguration;
			buildSettings = {
				ASSETCATALOG_COMPILER_APPICON_NAME = AppIcon;
				ASSETCATALOG_COMPILER_GLOBAL_ACCENT_COLOR_NAME = AccentColor;
				CODE_SIGN_STYLE = Automatic;
				DEVELOPMENT_ASSET_PATHS = "\"ViperNotes/Preview Content\"";
				DEVELOPMENT_TEAM = VJ3XGT65D5;
				ENABLE_PREVIEWS = YES;
				INFOPLIST_FILE = ViperNotes/Info.plist;
				LD_RUNPATH_SEARCH_PATHS = (
					"$(inherited)",
					"@executable_path/Frameworks",
				);
				PRODUCT_BUNDLE_IDENTIFIER = com.codigohifi.ViperNotes;
				PRODUCT_NAME = "$(TARGET_NAME)";
				SWIFT_VERSION = 5.0;
				TARGETED_DEVICE_FAMILY = "1,2";
			};
			name = Debug;
		};
		BA12CF6525E6900B0048F583 /* Release */ = {
			isa = XCBuildConfiguration;
			buildSettings = {
				ASSETCATALOG_COMPILER_APPICON_NAME = AppIcon;
				ASSETCATALOG_COMPILER_GLOBAL_ACCENT_COLOR_NAME = AccentColor;
				CODE_SIGN_STYLE = Automatic;
				DEVELOPMENT_ASSET_PATHS = "\"ViperNotes/Preview Content\"";
				DEVELOPMENT_TEAM = VJ3XGT65D5;
				ENABLE_PREVIEWS = YES;
				INFOPLIST_FILE = ViperNotes/Info.plist;
				LD_RUNPATH_SEARCH_PATHS = (
					"$(inherited)",
					"@executable_path/Frameworks",
				);
				PRODUCT_BUNDLE_IDENTIFIER = com.codigohifi.ViperNotes;
				PRODUCT_NAME = "$(TARGET_NAME)";
				SWIFT_VERSION = 5.0;
				TARGETED_DEVICE_FAMILY = "1,2";
			};
			name = Release;
		};
		BA12CF6725E6900B0048F583 /* Debug */ = {
			isa = XCBuildConfiguration;
			buildSettings = {
				ALWAYS_EMBED_SWIFT_STANDARD_LIBRARIES = YES;
				BUNDLE_LOADER = "$(TEST_HOST)";
				CODE_SIGN_STYLE = Automatic;
				DEVELOPMENT_TEAM = VJ3XGT65D5;
				INFOPLIST_FILE = ViperNotesTests/Info.plist;
				IPHONEOS_DEPLOYMENT_TARGET = 14.4;
				LD_RUNPATH_SEARCH_PATHS = (
					"$(inherited)",
					"@executable_path/Frameworks",
					"@loader_path/Frameworks",
				);
				PRODUCT_BUNDLE_IDENTIFIER = com.codigohifi.ViperNotesTests;
				PRODUCT_NAME = "$(TARGET_NAME)";
				SWIFT_VERSION = 5.0;
				TARGETED_DEVICE_FAMILY = "1,2";
				TEST_HOST = "$(BUILT_PRODUCTS_DIR)/ViperNotes.app/ViperNotes";
			};
			name = Debug;
		};
		BA12CF6825E6900B0048F583 /* Release */ = {
			isa = XCBuildConfiguration;
			buildSettings = {
				ALWAYS_EMBED_SWIFT_STANDARD_LIBRARIES = YES;
				BUNDLE_LOADER = "$(TEST_HOST)";
				CODE_SIGN_STYLE = Automatic;
				DEVELOPMENT_TEAM = VJ3XGT65D5;
				INFOPLIST_FILE = ViperNotesTests/Info.plist;
				IPHONEOS_DEPLOYMENT_TARGET = 14.4;
				LD_RUNPATH_SEARCH_PATHS = (
					"$(inherited)",
					"@executable_path/Frameworks",
					"@loader_path/Frameworks",
				);
				PRODUCT_BUNDLE_IDENTIFIER = com.codigohifi.ViperNotesTests;
				PRODUCT_NAME = "$(TARGET_NAME)";
				SWIFT_VERSION = 5.0;
				TARGETED_DEVICE_FAMILY = "1,2";
				TEST_HOST = "$(BUILT_PRODUCTS_DIR)/ViperNotes.app/ViperNotes";
			};
			name = Release;
		};
		BA12CF6A25E6900B0048F583 /* Debug */ = {
			isa = XCBuildConfiguration;
			buildSettings = {
				ALWAYS_EMBED_SWIFT_STANDARD_LIBRARIES = YES;
				CODE_SIGN_STYLE = Automatic;
				DEVELOPMENT_TEAM = VJ3XGT65D5;
				INFOPLIST_FILE = ViperNotesUITests/Info.plist;
				LD_RUNPATH_SEARCH_PATHS = (
					"$(inherited)",
					"@executable_path/Frameworks",
					"@loader_path/Frameworks",
				);
				PRODUCT_BUNDLE_IDENTIFIER = com.codigohifi.ViperNotesUITests;
				PRODUCT_NAME = "$(TARGET_NAME)";
				SWIFT_VERSION = 5.0;
				TARGETED_DEVICE_FAMILY = "1,2";
				TEST_TARGET_NAME = ViperNotes;
			};
			name = Debug;
		};
		BA12CF6B25E6900B0048F583 /* Release */ = {
			isa = XCBuildConfiguration;
			buildSettings = {
				ALWAYS_EMBED_SWIFT_STANDARD_LIBRARIES = YES;
				CODE_SIGN_STYLE = Automatic;
				DEVELOPMENT_TEAM = VJ3XGT65D5;
				INFOPLIST_FILE = ViperNotesUITests/Info.plist;
				LD_RUNPATH_SEARCH_PATHS = (
					"$(inherited)",
					"@executable_path/Frameworks",
					"@loader_path/Frameworks",
				);
				PRODUCT_BUNDLE_IDENTIFIER = com.codigohifi.ViperNotesUITests;
				PRODUCT_NAME = "$(TARGET_NAME)";
				SWIFT_VERSION = 5.0;
				TARGETED_DEVICE_FAMILY = "1,2";
				TEST_TARGET_NAME = ViperNotes;
			};
			name = Release;
		};
/* End XCBuildConfiguration section */

/* Begin XCConfigurationList section */
		BA12CF3125E690070048F583 /* Build configuration list for PBXProject "ViperNotes" */ = {
			isa = XCConfigurationList;
			buildConfigurations = (
				BA12CF6125E6900B0048F583 /* Debug */,
				BA12CF6225E6900B0048F583 /* Release */,
			);
			defaultConfigurationIsVisible = 0;
			defaultConfigurationName = Release;
		};
		BA12CF6325E6900B0048F583 /* Build configuration list for PBXNativeTarget "ViperNotes" */ = {
			isa = XCConfigurationList;
			buildConfigurations = (
				BA12CF6425E6900B0048F583 /* Debug */,
				BA12CF6525E6900B0048F583 /* Release */,
			);
			defaultConfigurationIsVisible = 0;
			defaultConfigurationName = Release;
		};
		BA12CF6625E6900B0048F583 /* Build configuration list for PBXNativeTarget "ViperNotesTests" */ = {
			isa = XCConfigurationList;
			buildConfigurations = (
				BA12CF6725E6900B0048F583 /* Debug */,
				BA12CF6825E6900B0048F583 /* Release */,
			);
			defaultConfigurationIsVisible = 0;
			defaultConfigurationName = Release;
		};
		BA12CF6925E6900B0048F583 /* Build configuration list for PBXNativeTarget "ViperNotesUITests" */ = {
			isa = XCConfigurationList;
			buildConfigurations = (
				BA12CF6A25E6900B0048F583 /* Debug */,
				BA12CF6B25E6900B0048F583 /* Release */,
			);
			defaultConfigurationIsVisible = 0;
			defaultConfigurationName = Release;
		};
/* End XCConfigurationList section */

/* Begin XCVersionGroup section */
		BA12CF3F25E690070048F583 /* ViperNotes.xcdatamodeld */ = {
			isa = XCVersionGroup;
			children = (
				BA12CF4025E690070048F583 /* ViperNotes.xcdatamodel */,
			);
			currentVersion = BA12CF4025E690070048F583 /* ViperNotes.xcdatamodel */;
			path = ViperNotes.xcdatamodeld;
			sourceTree = "<group>";
			versionGroupType = wrapper.xcdatamodel;
		};
/* End XCVersionGroup section */
	};
	rootObject = BA12CF2E25E690070048F583 /* Project object */;
}
